
Microsoft Visual Studio Solution File, Format Version 12.00
# Visual Studio Version 17
VisualStudioVersion = 17.0.31903.59
MinimumVisualStudioVersion = 10.0.40219.1
Project("{2150E333-8FDC-42A3-9474-1A3956D46DE8}") = "src", "src", "{827E0CD3-B72D-47B6-A68D-7590B98EB39B}"
EndProject
Project("{FAE04EC0-301F-11D3-BF4B-00C04F79EFBC}") = "EnumerablePrinter", "src\EnumerablePrinter\EnumerablePrinter.csproj", "{E6A4578B-CEB7-419E-926E-48CE82FA7575}"
EndProject
Project("{2150E333-8FDC-42A3-9474-1A3956D46DE8}") = "tests", "tests", "{0AB3BF05-4346-4AA6-1389-037BE0695223}"
EndProject
Project("{FAE04EC0-301F-11D3-BF4B-00C04F79EFBC}") = "EnumerablePrinter.Tests", "tests\EnumerablePrinter.Tests\EnumerablePrinter.Tests.csproj", "{755E94B9-AFB3-42B7-868B-E548BC599A99}"
EndProject
Project("{FAE04EC0-301F-11D3-BF4B-00C04F79EFBC}") = "EnumerablePrinter.Linq", "src\EnumerablePrinter.Linq\EnumerablePrinter.Linq.csproj", "{1A89B65A-7BEA-4679-B1FA-626FD3305E95}"
EndProject
Project("{FAE04EC0-301F-11D3-BF4B-00C04F79EFBC}") = "EnumerablePrinter.Analyzers", "src\EnumerablePrinter.Analyzers\EnumerablePrinter.Analyzers.csproj", "{84D5C748-8397-4FB2-8E4A-B592BEB52A73}"
EndProject
Project("{FAE04EC0-301F-11D3-BF4B-00C04F79EFBC}") = "EnumerablePrinter.Linq.Tests", "tests\EnumerablePrinter.Linq.Tests\EnumerablePrinter.Linq.Tests.csproj", "{FEF72139-C91B-461B-8A04-C78CB1B75D5C}"
EndProject
Project("{FAE04EC0-301F-11D3-BF4B-00C04F79EFBC}") = "EnumerablePrinter.Analyzers.Tests", "tests\EnumerablePrinter.Analyzers.Tests\EnumerablePrinter.Analyzers.Tests.csproj", "{42A12963-2184-464D-9D29-DED201B66134}"
EndProject
Project("{2150E333-8FDC-42A3-9474-1A3956D46DE8}") = "benchmarks", "benchmarks", "{66320409-64EC-F7C5-3DEF-65E7510DAAD1}"
EndProject
Project("{FAE04EC0-301F-11D3-BF4B-00C04F79EFBC}") = "EnumerablePrinter.Benchmarks", "benchmarks\EnumerablePrinter.Benchmarks\EnumerablePrinter.Benchmarks.csproj", "{6C87F6F1-CF02-4803-83C3-78CA618255F7}"
EndProject
Global
	GlobalSection(SolutionConfigurationPlatforms) = preSolution
		Debug|Any CPU = Debug|Any CPU
		Debug|x64 = Debug|x64
		Debug|x86 = Debug|x86
		Release|Any CPU = Release|Any CPU
		Release|x64 = Release|x64
		Release|x86 = Release|x86
	EndGlobalSection
	GlobalSection(ProjectConfigurationPlatforms) = postSolution
		{E6A4578B-CEB7-419E-926E-48CE82FA7575}.Debug|Any CPU.ActiveCfg = Debug|Any CPU
		{E6A4578B-CEB7-419E-926E-48CE82FA7575}.Debug|Any CPU.Build.0 = Debug|Any CPU
		{E6A4578B-CEB7-419E-926E-48CE82FA7575}.Debug|x64.ActiveCfg = Debug|Any CPU
		{E6A4578B-CEB7-419E-926E-48CE82FA7575}.Debug|x64.Build.0 = Debug|Any CPU
		{E6A4578B-CEB7-419E-926E-48CE82FA7575}.Debug|x86.ActiveCfg = Debug|Any CPU
		{E6A4578B-CEB7-419E-926E-48CE82FA7575}.Debug|x86.Build.0 = Debug|Any CPU
		{E6A4578B-CEB7-419E-926E-48CE82FA7575}.Release|Any CPU.ActiveCfg = Release|Any CPU
		{E6A4578B-CEB7-419E-926E-48CE82FA7575}.Release|Any CPU.Build.0 = Release|Any CPU
		{E6A4578B-CEB7-419E-926E-48CE82FA7575}.Release|x64.ActiveCfg = Release|Any CPU
		{E6A4578B-CEB7-419E-926E-48CE82FA7575}.Release|x64.Build.0 = Release|Any CPU
		{E6A4578B-CEB7-419E-926E-48CE82FA7575}.Release|x86.ActiveCfg = Release|Any CPU
		{E6A4578B-CEB7-419E-926E-48CE82FA7575}.Release|x86.Build.0 = Release|Any CPU
		{755E94B9-AFB3-42B7-868B-E548BC599A99}.Debug|Any CPU.ActiveCfg = Debug|Any CPU
		{755E94B9-AFB3-42B7-868B-E548BC599A99}.Debug|Any CPU.Build.0 = Debug|Any CPU
		{755E94B9-AFB3-42B7-868B-E548BC599A99}.Debug|x64.ActiveCfg = Debug|Any CPU
		{755E94B9-AFB3-42B7-868B-E548BC599A99}.Debug|x64.Build.0 = Debug|Any CPU
		{755E94B9-AFB3-42B7-868B-E548BC599A99}.Debug|x86.ActiveCfg = Debug|Any CPU
		{755E94B9-AFB3-42B7-868B-E548BC599A99}.Debug|x86.Build.0 = Debug|Any CPU
		{755E94B9-AFB3-42B7-868B-E548BC599A99}.Release|Any CPU.ActiveCfg = Release|Any CPU
		{755E94B9-AFB3-42B7-868B-E548BC599A99}.Release|Any CPU.Build.0 = Release|Any CPU
		{755E94B9-AFB3-42B7-868B-E548BC599A99}.Release|x64.ActiveCfg = Release|Any CPU
		{755E94B9-AFB3-42B7-868B-E548BC599A99}.Release|x64.Build.0 = Release|Any CPU
		{755E94B9-AFB3-42B7-868B-E548BC599A99}.Release|x86.ActiveCfg = Release|Any CPU
		{755E94B9-AFB3-42B7-868B-E548BC599A99}.Release|x86.Build.0 = Release|Any CPU
		{1A89B65A-7BEA-4679-B1FA-626FD3305E95}.Debug|Any CPU.ActiveCfg = Debug|Any CPU
		{1A89B65A-7BEA-4679-B1FA-626FD3305E95}.Debug|Any CPU.Build.0 = Debug|Any CPU
		{1A89B65A-7BEA-4679-B1FA-626FD3305E95}.Debug|x64.ActiveCfg = Debug|Any CPU
		{1A89B65A-7BEA-4679-B1FA-626FD3305E95}.Debug|x64.Build.0 = Debug|Any CPU
		{1A89B65A-7BEA-4679-B1FA-626FD3305E95}.Debug|x86.ActiveCfg = Debug|Any CPU
		{1A89B65A-7BEA-4679-B1FA-626FD3305E95}.Debug|x86.Build.0 = Debug|Any CPU
		{1A89B65A-7BEA-4679-B1FA-626FD3305E95}.Release|Any CPU.ActiveCfg = Release|Any CPU
		{1A89B65A-7BEA-4679-B1FA-626FD3305E95}.Release|Any CPU.Build.0 = Release|Any CPU
		{1A89B65A-7BEA-4679-B1FA-626FD3305E95}.Release|x64.ActiveCfg = Release|Any CPU
		{1A89B65A-7BEA-4679-B1FA-626FD3305E95}.Release|x64.Build.0 = Release|Any CPU
		{1A89B65A-7BEA-4679-B1FA-626FD3305E95}.Release|x86.ActiveCfg = Release|Any CPU
		{1A89B65A-7BEA-4679-B1FA-626FD3305E95}.Release|x86.Build.0 = Release|Any CPU
		{84D5C748-8397-4FB2-8E4A-B592BEB52A73}.Debug|Any CPU.ActiveCfg = Debug|Any CPU
		{84D5C748-8397-4FB2-8E4A-B592BEB52A73}.Debug|Any CPU.Build.0 = Debug|Any CPU
		{84D5C748-8397-4FB2-8E4A-B592BEB52A73}.Debug|x64.ActiveCfg = Debug|Any CPU
		{84D5C748-8397-4FB2-8E4A-B592BEB52A73}.Debug|x64.Build.0 = Debug|Any CPU
		{84D5C748-8397-4FB2-8E4A-B592BEB52A73}.Debug|x86.ActiveCfg = Debug|Any CPU
		{84D5C748-8397-4FB2-8E4A-B592BEB52A73}.Debug|x86.Build.0 = Debug|Any CPU
		{84D5C748-8397-4FB2-8E4A-B592BEB52A73}.Release|Any CPU.ActiveCfg = Release|Any CPU
		{84D5C748-8397-4FB2-8E4A-B592BEB52A73}.Release|Any CPU.Build.0 = Release|Any CPU
		{84D5C748-8397-4FB2-8E4A-B592BEB52A73}.Release|x64.ActiveCfg = Release|Any CPU
		{84D5C748-8397-4FB2-8E4A-B592BEB52A73}.Release|x64.Build.0 = Release|Any CPU
		{84D5C748-8397-4FB2-8E4A-B592BEB52A73}.Release|x86.ActiveCfg = Release|Any CPU
		{84D5C748-8397-4FB2-8E4A-B592BEB52A73}.Release|x86.Build.0 = Release|Any CPU
		{FEF72139-C91B-461B-8A04-C78CB1B75D5C}.Debug|Any CPU.ActiveCfg = Debug|Any CPU
		{FEF72139-C91B-461B-8A04-C78CB1B75D5C}.Debug|Any CPU.Build.0 = Debug|Any CPU
		{FEF72139-C91B-461B-8A04-C78CB1B75D5C}.Debug|x64.ActiveCfg = Debug|Any CPU
		{FEF72139-C91B-461B-8A04-C78CB1B75D5C}.Debug|x64.Build.0 = Debug|Any CPU
		{FEF72139-C91B-461B-8A04-C78CB1B75D5C}.Debug|x86.ActiveCfg = Debug|Any CPU
		{FEF72139-C91B-461B-8A04-C78CB1B75D5C}.Debug|x86.Build.0 = Debug|Any CPU
		{FEF72139-C91B-461B-8A04-C78CB1B75D5C}.Release|Any CPU.ActiveCfg = Release|Any CPU
		{FEF72139-C91B-461B-8A04-C78CB1B75D5C}.Release|Any CPU.Build.0 = Release|Any CPU
		{FEF72139-C91B-461B-8A04-C78CB1B75D5C}.Release|x64.ActiveCfg = Release|Any CPU
		{FEF72139-C91B-461B-8A04-C78CB1B75D5C}.Release|x64.Build.0 = Release|Any CPU
		{FEF72139-C91B-461B-8A04-C78CB1B75D5C}.Release|x86.ActiveCfg = Release|Any CPU
		{FEF72139-C91B-461B-8A04-C78CB1B75D5C}.Release|x86.Build.0 = Release|Any CPU
		{42A12963-2184-464D-9D29-DED201B66134}.Debug|Any CPU.ActiveCfg = Debug|Any CPU
		{42A12963-2184-464D-9D29-DED201B66134}.Debug|Any CPU.Build.0 = Debug|Any CPU
		{42A12963-2184-464D-9D29-DED201B66134}.Debug|x64.ActiveCfg = Debug|Any CPU
		{42A12963-2184-464D-9D29-DED201B66134}.Debug|x64.Build.0 = Debug|Any CPU
		{42A12963-2184-464D-9D29-DED201B66134}.Debug|x86.ActiveCfg = Debug|Any CPU
		{42A12963-2184-464D-9D29-DED201B66134}.Debug|x86.Build.0 = Debug|Any CPU
		{42A12963-2184-464D-9D29-DED201B66134}.Release|Any CPU.ActiveCfg = Release|Any CPU
		{42A12963-2184-464D-9D29-DED201B66134}.Release|Any CPU.Build.0 = Release|Any CPU
		{42A12963-2184-464D-9D29-DED201B66134}.Release|x64.ActiveCfg = Release|Any CPU
		{42A12963-2184-464D-9D29-DED201B66134}.Release|x64.Build.0 = Release|Any CPU
		{42A12963-2184-464D-9D29-DED201B66134}.Release|x86.ActiveCfg = Release|Any CPU
		{42A12963-2184-464D-9D29-DED201B66134}.Release|x86.Build.0 = Release|Any CPU
		{6C87F6F1-CF02-4803-83C3-78CA618255F7}.Debug|Any CPU.ActiveCfg = Debug|Any CPU
		{6C87F6F1-CF02-4803-83C3-78CA618255F7}.Debug|Any CPU.Build.0 = Debug|Any CPU
		{6C87F6F1-CF02-4803-83C3-78CA618255F7}.Debug|x64.ActiveCfg = Debug|Any CPU
		{6C87F6F1-CF02-4803-83C3-78CA618255F7}.Debug|x64.Build.0 = Debug|Any CPU
		{6C87F6F1-CF02-4803-83C3-78CA618255F7}.Debug|x86.ActiveCfg = Debug|Any CPU
		{6C87F6F1-CF02-4803-83C3-78CA618255F7}.Debug|x86.Build.0 = Debug|Any CPU
		{6C87F6F1-CF02-4803-83C3-78CA618255F7}.Release|Any CPU.ActiveCfg = Release|Any CPU
		{6C87F6F1-CF02-4803-83C3-78CA618255F7}.Release|Any CPU.Build.0 = Release|Any CPU
		{6C87F6F1-CF02-4803-83C3-78CA618255F7}.Release|x64.ActiveCfg = Release|Any CPU
		{6C87F6F1-CF02-4803-83C3-78CA618255F7}.Release|x64.Build.0 = Release|Any CPU
		{6C87F6F1-CF02-4803-83C3-78CA618255F7}.Release|x86.ActiveCfg = Release|Any CPU
		{6C87F6F1-CF02-4803-83C3-78CA618255F7}.Release|x86.Build.0 = Release|Any CPU
	EndGlobalSection
	GlobalSection(SolutionProperties) = preSolution
		HideSolutionNode = FALSE
	EndGlobalSection
	GlobalSection(NestedProjects) = preSolution
		{E6A4578B-CEB7-419E-926E-48CE82FA7575} = {827E0CD3-B72D-47B6-A68D-7590B98EB39B}
		{755E94B9-AFB3-42B7-868B-E548BC599A99} = {0AB3BF05-4346-4AA6-1389-037BE0695223}
		{1A89B65A-7BEA-4679-B1FA-626FD3305E95} = {827E0CD3-B72D-47B6-A68D-7590B98EB39B}
		{84D5C748-8397-4FB2-8E4A-B592BEB52A73} = {827E0CD3-B72D-47B6-A68D-7590B98EB39B}
		{FEF72139-C91B-461B-8A04-C78CB1B75D5C} = {0AB3BF05-4346-4AA6-1389-037BE0695223}
		{42A12963-2184-464D-9D29-DED201B66134} = {0AB3BF05-4346-4AA6-1389-037BE0695223}
		{6C87F6F1-CF02-4803-83C3-78CA618255F7} = {66320409-64EC-F7C5-3DEF-65E7510DAAD1}
	EndGlobalSection
EndGlobal
