Microsoft Visual Studio Solution File, Format Version 12.00
# Visual Studio Version 17
VisualStudioVersion = 17.5.2.0
MinimumVisualStudioVersion = 10.0.40219.1
Project("{FAE04EC0-301F-11D3-BF4B-00C04F79EFBC}") = "EnumerablePrinter.Tests", "EnumerablePrinter.Tests\EnumerablePrinter.Tests.csproj", "{BDCF2D25-0E8A-E06A-A8FC-12F5D7D31B04}"
EndProject
Global
	GlobalSection(SolutionConfigurationPlatforms) = preSolution
		Debug|Any CPU = Debug|Any CPU
		Release|Any CPU = Release|Any CPU
	EndGlobalSection
	GlobalSection(ProjectConfigurationPlatforms) = postSolution
		{BDCF2D25-0E8A-E06A-A8FC-12F5D7D31B04}.Debug|Any CPU.ActiveCfg = Debug|Any CPU
		{BDCF2D25-0E8A-E06A-A8FC-12F5D7D31B04}.Debug|Any CPU.Build.0 = Debug|Any CPU
		{BDCF2D25-0E8A-E06A-A8FC-12F5D7D31B04}.Release|Any CPU.ActiveCfg = Release|Any CPU
		{BDCF2D25-0E8A-E06A-A8FC-12F5D7D31B04}.Release|Any CPU.Build.0 = Release|Any CPU
	EndGlobalSection
	GlobalSection(SolutionProperties) = preSolution
		HideSolutionNode = FALSE
	EndGlobalSection
	GlobalSection(ExtensibilityGlobals) = postSolution
		SolutionGuid = {6325F84F-5C6D-45E9-85A0-DC958082A99B}
	EndGlobalSection
EndGlobal
