Microsoft Visual Studio Solution File, Format Version 12.00
# Visual Studio Version 17
VisualStudioVersion = 17.5.2.0
MinimumVisualStudioVersion = 10.0.40219.1
Project("{FAE04EC0-301F-11D3-BF4B-00C04F79EFBC}") = "EnumerablePrinter", "EnumerablePrinter.csproj", "{FE98AD5E-800B-B844-80C0-AE7FF0F40F3C}"
EndProject
Global
	GlobalSection(SolutionConfigurationPlatforms) = preSolution
		Debug|Any CPU = Debug|Any CPU
		Release|Any CPU = Release|Any CPU
	EndGlobalSection
	GlobalSection(ProjectConfigurationPlatforms) = postSolution
		{FE98AD5E-800B-B844-80C0-AE7FF0F40F3C}.Debug|Any CPU.ActiveCfg = Debug|Any CPU
		{FE98AD5E-800B-B844-80C0-AE7FF0F40F3C}.Debug|Any CPU.Build.0 = Debug|Any CPU
		{FE98AD5E-800B-B844-80C0-AE7FF0F40F3C}.Release|Any CPU.ActiveCfg = Release|Any CPU
		{FE98AD5E-800B-B844-80C0-AE7FF0F40F3C}.Release|Any CPU.Build.0 = Release|Any CPU
	EndGlobalSection
	GlobalSection(SolutionProperties) = preSolution
		HideSolutionNode = FALSE
	EndGlobalSection
	GlobalSection(ExtensibilityGlobals) = postSolution
		SolutionGuid = {EEE37542-82E3-4A44-9E35-AED94BC448AF}
	EndGlobalSection
EndGlobal
